
Microsoft Visual Studio Solution File, Format Version 11.00
# Visual Studio 2010
Project("{FAE04EC0-301F-11D3-BF4B-00C04F79EFBC}") = "MMEd", "MMEd\MMEd.csproj", "{3AD895EE-6580-4C3D-9096-64EB3CF27906}"
EndProject
Project("{FAE04EC0-301F-11D3-BF4B-00C04F79EFBC}") = "GLTK", "GLTK\GLTK.csproj", "{D52784AE-DD6E-4DB3-8D2A-76B37B00A32C}"
EndProject
Project("{FAE04EC0-301F-11D3-BF4B-00C04F79EFBC}") = "MMEdTool", "MMEdTool\MMEdTool.csproj", "{B8967F64-E198-451B-B822-1295BDC227F4}"
EndProject
Global
	GlobalSection(SolutionConfigurationPlatforms) = preSolution
		Debug|Any CPU = Debug|Any CPU
		Release|Any CPU = Release|Any CPU
	EndGlobalSection
	GlobalSection(ProjectConfigurationPlatforms) = postSolution
		{3AD895EE-6580-4C3D-9096-64EB3CF27906}.Debug|Any CPU.ActiveCfg = Debug|Any CPU
		{3AD895EE-6580-4C3D-9096-64EB3CF27906}.Debug|Any CPU.Build.0 = Debug|Any CPU
		{3AD895EE-6580-4C3D-9096-64EB3CF27906}.Release|Any CPU.ActiveCfg = Release|Any CPU
		{3AD895EE-6580-4C3D-9096-64EB3CF27906}.Release|Any CPU.Build.0 = Release|Any CPU
		{D52784AE-DD6E-4DB3-8D2A-76B37B00A32C}.Debug|Any CPU.ActiveCfg = Debug|Any CPU
		{D52784AE-DD6E-4DB3-8D2A-76B37B00A32C}.Debug|Any CPU.Build.0 = Debug|Any CPU
		{D52784AE-DD6E-4DB3-8D2A-76B37B00A32C}.Release|Any CPU.ActiveCfg = Release|Any CPU
		{D52784AE-DD6E-4DB3-8D2A-76B37B00A32C}.Release|Any CPU.Build.0 = Release|Any CPU
		{B8967F64-E198-451B-B822-1295BDC227F4}.Debug|Any CPU.ActiveCfg = Debug|Any CPU
		{B8967F64-E198-451B-B822-1295BDC227F4}.Debug|Any CPU.Build.0 = Debug|Any CPU
		{B8967F64-E198-451B-B822-1295BDC227F4}.Release|Any CPU.ActiveCfg = Release|Any CPU
		{B8967F64-E198-451B-B822-1295BDC227F4}.Release|Any CPU.Build.0 = Release|Any CPU
	EndGlobalSection
	GlobalSection(SolutionProperties) = preSolution
		HideSolutionNode = FALSE
	EndGlobalSection
EndGlobal
